
Microsoft Visual Studio Solution File, Format Version 12.00
# Visual Studio Version 17
VisualStudioVersion = 17.13.35828.75 d17.13
MinimumVisualStudioVersion = 10.0.40219.1
Project("{FAE04EC0-301F-11D3-BF4B-00C04F79EFBC}") = "ShopApp", "ShopApp\ShopApp.csproj", "{9FC42346-38EC-4E8D-A59B-F8FF133832ED}"
EndProject
Global
	GlobalSection(SolutionConfigurationPlatforms) = preSolution
		Debug|Any CPU = Debug|Any CPU
		Release|Any CPU = Release|Any CPU
	EndGlobalSection
	GlobalSection(ProjectConfigurationPlatforms) = postSolution
		{9FC42346-38EC-4E8D-A59B-F8FF133832ED}.Debug|Any CPU.ActiveCfg = Debug|Any CPU
		{9FC42346-38EC-4E8D-A59B-F8FF133832ED}.Debug|Any CPU.Build.0 = Debug|Any CPU
		{9FC42346-38EC-4E8D-A59B-F8FF133832ED}.Release|Any CPU.ActiveCfg = Release|Any CPU
		{9FC42346-38EC-4E8D-A59B-F8FF133832ED}.Release|Any CPU.Build.0 = Release|Any CPU
	EndGlobalSection
	GlobalSection(SolutionProperties) = preSolution
		HideSolutionNode = FALSE
	EndGlobalSection
	GlobalSection(ExtensibilityGlobals) = postSolution
		SolutionGuid = {C3E6091B-038E-4D1E-A038-C26C956B7134}
	EndGlobalSection
EndGlobal
